// !$*UTF8*$!
{
	archiveVersion = 1;
	classes = {
	};
	objectVersion = 46;
	objects = {

/* Begin PBXBuildFile section */
		05B6F22906339392E55F6ABD /* TomaApp.swift in Sources */ = {isa = PBXBuildFile; fileRef = A92A41439812ECAF7A3A88CC /* TomaApp.swift */; };
		09C1F774AFA0994C9B52DC94 /* Models.swift in Sources */ = {isa = PBXBuildFile; fileRef = 61AB42FB3079E65DEBA72DDA /* Models.swift */; };
		2A006B3D3899830B49FCC917 /* Foundation.framework in Frameworks */ = {isa = PBXBuildFile; fileRef = D662EA4EA927A3AD33230928 /* Foundation.framework */; };
		38487D37C787FE748E6B9A64 /* ReminderScheduler.swift in Sources */ = {isa = PBXBuildFile; fileRef = BC1957F9F5A342996897B819 /* ReminderScheduler.swift */; };
		5519CE9E4E66ADC83CBD15A0 /* Foundation.framework in Frameworks */ = {isa = PBXBuildFile; fileRef = D662EA4EA927A3AD33230928 /* Foundation.framework */; };
		5E3CBF4F6BE0D85DE0F47B3C /* SnapshotStore.swift in Sources */ = {isa = PBXBuildFile; fileRef = 8EFEE31BC9A9E206EBE9AADC /* SnapshotStore.swift */; };
		601FDD4A03758EB82704574B /* TomaIntents.swift in Sources */ = {isa = PBXBuildFile; fileRef = A0ABC77B99C77CAD219528A8 /* TomaIntents.swift */; };
		8BB0C0E56F0012CFEF51C632 /* AgentGateway.swift in Sources */ = {isa = PBXBuildFile; fileRef = DA79C9E0CF4749C260969ACD /* AgentGateway.swift */; };
		B33454D54AE15195A255FEA6 /* AppStore.swift in Sources */ = {isa = PBXBuildFile; fileRef = A83A7C51D85D16816B2317F9 /* AppStore.swift */; };
		BE4CA32B9CE5C232FA03AC0E /* TomaTests.swift in Sources */ = {isa = PBXBuildFile; fileRef = E2B50AA68662F974D4BEB787 /* TomaTests.swift */; };
		BF8081EB33F9D09C7E1AAE22 /* PetSpriteView.swift in Sources */ = {isa = PBXBuildFile; fileRef = 14B3545BD8F9264A2D998BED /* PetSpriteView.swift */; };
		C10F21AFC724E41E583A3F0F /* Foundation.framework in Frameworks */ = {isa = PBXBuildFile; fileRef = D662EA4EA927A3AD33230928 /* Foundation.framework */; };
		CD2835AED68D9AA580BBF72E /* SpeechInput.swift in Sources */ = {isa = PBXBuildFile; fileRef = 6CC5817C7928E236815967C8 /* SpeechInput.swift */; };
		E1EEF87B8C0CF7E3BD50713A /* TomaTrustLoopUITests.swift in Sources */ = {isa = PBXBuildFile; fileRef = 830AC2AE55B06CD38A6A95FD /* TomaTrustLoopUITests.swift */; };
		F597164FFB913B4E6CB8E5B9 /* ContentView.swift in Sources */ = {isa = PBXBuildFile; fileRef = D24B5A056F611952B22BA5D3 /* ContentView.swift */; };
/* End PBXBuildFile section */

/* Begin PBXContainerItemProxy section */
		1DD2541427C397FD41235D5F /* PBXContainerItemProxy */ = {
			isa = PBXContainerItemProxy;
			containerPortal = 4B1111D97BB878A2332054A7 /* Project object */;
			proxyType = 1;
			remoteGlobalIDString = 959873B23E0E8667FD7999D5;
			remoteInfo = Toma;
		};
		E0D48B8BD92CFA2E0FD161B8 /* PBXContainerItemProxy */ = {
			isa = PBXContainerItemProxy;
			containerPortal = 4B1111D97BB878A2332054A7 /* Project object */;
			proxyType = 1;
			remoteGlobalIDString = 959873B23E0E8667FD7999D5;
			remoteInfo = Toma;
		};
/* End PBXContainerItemProxy section */

/* Begin PBXFileReference section */
		14B3545BD8F9264A2D998BED /* PetSpriteView.swift */ = {isa = PBXFileReference; includeInIndex = 1; lastKnownFileType = sourcecode.swift; name = PetSpriteView.swift; path = Views/PetSpriteView.swift; sourceTree = "<group>"; };
		2EB733F5F2B9DC7F1D4E6F8D /* Toma.app */ = {isa = PBXFileReference; explicitFileType = wrapper.application; includeInIndex = 0; path = Toma.app; sourceTree = BUILT_PRODUCTS_DIR; };
		61AB42FB3079E65DEBA72DDA /* Models.swift */ = {isa = PBXFileReference; includeInIndex = 1; lastKnownFileType = sourcecode.swift; name = Models.swift; path = Domain/Models.swift; sourceTree = "<group>"; };
		6CC5817C7928E236815967C8 /* SpeechInput.swift */ = {isa = PBXFileReference; includeInIndex = 1; lastKnownFileType = sourcecode.swift; name = SpeechInput.swift; path = Services/SpeechInput.swift; sourceTree = "<group>"; };
		7E4D97B737949CAFF88D1A1B /* Info.plist */ = {isa = PBXFileReference; includeInIndex = 1; lastKnownFileType = text.plist.xml; path = Info.plist; sourceTree = "<group>"; };
		830AC2AE55B06CD38A6A95FD /* TomaTrustLoopUITests.swift */ = {isa = PBXFileReference; includeInIndex = 1; lastKnownFileType = sourcecode.swift; path = TomaTrustLoopUITests.swift; sourceTree = "<group>"; };
		8EFEE31BC9A9E206EBE9AADC /* SnapshotStore.swift */ = {isa = PBXFileReference; includeInIndex = 1; lastKnownFileType = sourcecode.swift; name = SnapshotStore.swift; path = Services/SnapshotStore.swift; sourceTree = "<group>"; };
		9EBF5F724D5863109BB597AB /* TomaTests.xctest */ = {isa = PBXFileReference; explicitFileType = wrapper.cfbundle; includeInIndex = 0; path = TomaTests.xctest; sourceTree = BUILT_PRODUCTS_DIR; };
		A0ABC77B99C77CAD219528A8 /* TomaIntents.swift */ = {isa = PBXFileReference; includeInIndex = 1; lastKnownFileType = sourcecode.swift; name = TomaIntents.swift; path = App/TomaIntents.swift; sourceTree = "<group>"; };
		A83A7C51D85D16816B2317F9 /* AppStore.swift */ = {isa = PBXFileReference; includeInIndex = 1; lastKnownFileType = sourcecode.swift; name = AppStore.swift; path = Domain/AppStore.swift; sourceTree = "<group>"; };
		A92A41439812ECAF7A3A88CC /* TomaApp.swift */ = {isa = PBXFileReference; includeInIndex = 1; lastKnownFileType = sourcecode.swift; name = TomaApp.swift; path = App/TomaApp.swift; sourceTree = "<group>"; };
		BC1957F9F5A342996897B819 /* ReminderScheduler.swift */ = {isa = PBXFileReference; includeInIndex = 1; lastKnownFileType = sourcecode.swift; name = ReminderScheduler.swift; path = Services/ReminderScheduler.swift; sourceTree = "<group>"; };
		D24B5A056F611952B22BA5D3 /* ContentView.swift */ = {isa = PBXFileReference; includeInIndex = 1; lastKnownFileType = sourcecode.swift; name = ContentView.swift; path = Views/ContentView.swift; sourceTree = "<group>"; };
		D662EA4EA927A3AD33230928 /* Foundation.framework */ = {isa = PBXFileReference; lastKnownFileType = wrapper.framework; name = Foundation.framework; path = Platforms/iPhoneOS.platform/Developer/SDKs/iPhoneOS14.0.sdk/System/Library/Frameworks/Foundation.framework; sourceTree = DEVELOPER_DIR; };
		DA79C9E0CF4749C260969ACD /* AgentGateway.swift */ = {isa = PBXFileReference; includeInIndex = 1; lastKnownFileType = sourcecode.swift; name = AgentGateway.swift; path = Services/AgentGateway.swift; sourceTree = "<group>"; };
		E2B50AA68662F974D4BEB787 /* TomaTests.swift */ = {isa = PBXFileReference; includeInIndex = 1; lastKnownFileType = sourcecode.swift; path = TomaTests.swift; sourceTree = "<group>"; };
		F22971B2DDAED50503D030B5 /* TomaUITests.xctest */ = {isa = PBXFileReference; explicitFileType = wrapper.cfbundle; includeInIndex = 0; path = TomaUITests.xctest; sourceTree = BUILT_PRODUCTS_DIR; };
/* End PBXFileReference section */

/* Begin PBXFrameworksBuildPhase section */
		5ACF7879A05656C0923672E4 /* Frameworks */ = {
			isa = PBXFrameworksBuildPhase;
			buildActionMask = 2147483647;
			files = (
				C10F21AFC724E41E583A3F0F /* Foundation.framework in Frameworks */,
			);
			runOnlyForDeploymentPostprocessing = 0;
		};
		77C80D5B873FD4DD13ADBCAD /* Frameworks */ = {
			isa = PBXFrameworksBuildPhase;
			buildActionMask = 2147483647;
			files = (
				5519CE9E4E66ADC83CBD15A0 /* Foundation.framework in Frameworks */,
			);
			runOnlyForDeploymentPostprocessing = 0;
		};
		8576032B39839E225C34B36B /* Frameworks */ = {
			isa = PBXFrameworksBuildPhase;
			buildActionMask = 2147483647;
			files = (
				2A006B3D3899830B49FCC917 /* Foundation.framework in Frameworks */,
			);
			runOnlyForDeploymentPostprocessing = 0;
		};
/* End PBXFrameworksBuildPhase section */

/* Begin PBXGroup section */
		1E7037B2AE88B5A2D8027D30 /* iOS */ = {
			isa = PBXGroup;
			children = (
				D662EA4EA927A3AD33230928 /* Foundation.framework */,
			);
			name = iOS;
			sourceTree = "<group>";
		};
		888C75C494355CF57F5573AF /* Frameworks */ = {
			isa = PBXGroup;
			children = (
				1E7037B2AE88B5A2D8027D30 /* iOS */,
			);
			name = Frameworks;
			sourceTree = "<group>";
		};
		92BDE73F83885E9C081511E3 /* Toma */ = {
			isa = PBXGroup;
			children = (
				A92A41439812ECAF7A3A88CC /* TomaApp.swift */,
				A0ABC77B99C77CAD219528A8 /* TomaIntents.swift */,
				A83A7C51D85D16816B2317F9 /* AppStore.swift */,
				61AB42FB3079E65DEBA72DDA /* Models.swift */,
				DA79C9E0CF4749C260969ACD /* AgentGateway.swift */,
				BC1957F9F5A342996897B819 /* ReminderScheduler.swift */,
				8EFEE31BC9A9E206EBE9AADC /* SnapshotStore.swift */,
				6CC5817C7928E236815967C8 /* SpeechInput.swift */,
				D24B5A056F611952B22BA5D3 /* ContentView.swift */,
				14B3545BD8F9264A2D998BED /* PetSpriteView.swift */,
				7E4D97B737949CAFF88D1A1B /* Info.plist */,
			);
			name = Toma;
			path = Toma;
			sourceTree = "<group>";
		};
		B13296AB68C10D2F851E0CA4 /* TomaTests */ = {
			isa = PBXGroup;
			children = (
				E2B50AA68662F974D4BEB787 /* TomaTests.swift */,
			);
			name = TomaTests;
			path = TomaTests;
			sourceTree = "<group>";
		};
		C715CFA10F9AB4317F1F375B /* Products */ = {
			isa = PBXGroup;
			children = (
				2EB733F5F2B9DC7F1D4E6F8D /* Toma.app */,
				9EBF5F724D5863109BB597AB /* TomaTests.xctest */,
				F22971B2DDAED50503D030B5 /* TomaUITests.xctest */,
			);
			name = Products;
			sourceTree = "<group>";
		};
		CECEF4CF7F48938FB83E55EA = {
			isa = PBXGroup;
			children = (
				C715CFA10F9AB4317F1F375B /* Products */,
				888C75C494355CF57F5573AF /* Frameworks */,
				92BDE73F83885E9C081511E3 /* Toma */,
				B13296AB68C10D2F851E0CA4 /* TomaTests */,
				DDE604750DA83BFB8C268845 /* TomaUITests */,
			);
			sourceTree = "<group>";
		};
		DDE604750DA83BFB8C268845 /* TomaUITests */ = {
			isa = PBXGroup;
			children = (
				830AC2AE55B06CD38A6A95FD /* TomaTrustLoopUITests.swift */,
			);
			name = TomaUITests;
			path = TomaUITests;
			sourceTree = "<group>";
		};
/* End PBXGroup section */

/* Begin PBXNativeTarget section */
		3F58B7D14FAE368859C4E5E5 /* TomaUITests */ = {
			isa = PBXNativeTarget;
			buildConfigurationList = 54C27C7C0C3BF967083265F1 /* Build configuration list for PBXNativeTarget "TomaUITests" */;
			buildPhases = (
				5F2E12F8185136E81154B065 /* Sources */,
				77C80D5B873FD4DD13ADBCAD /* Frameworks */,
				10BE5AB8B5EDA5724DED6538 /* Resources */,
			);
			buildRules = (
			);
			dependencies = (
				2E0D83544A1E342A5803A85D /* PBXTargetDependency */,
			);
			name = TomaUITests;
			productName = TomaUITests;
			productReference = F22971B2DDAED50503D030B5 /* TomaUITests.xctest */;
			productType = "com.apple.product-type.bundle.ui-testing";
		};
		959873B23E0E8667FD7999D5 /* Toma */ = {
			isa = PBXNativeTarget;
			buildConfigurationList = E6496AF7B43970FB69A50157 /* Build configuration list for PBXNativeTarget "Toma" */;
			buildPhases = (
				D4982F53E99B7815E8D5F42E /* Sources */,
				5ACF7879A05656C0923672E4 /* Frameworks */,
				779407A012468B94CD8DFB37 /* Resources */,
				DD4A2EF8E133BDBA826327F3 /* Copy private pet sprite for local Debug builds */,
			);
			buildRules = (
			);
			dependencies = (
			);
			name = Toma;
			productName = Toma;
			productReference = 2EB733F5F2B9DC7F1D4E6F8D /* Toma.app */;
			productType = "com.apple.product-type.application";
		};
		BBE7994CD856E1F7070EB628 /* TomaTests */ = {
			isa = PBXNativeTarget;
			buildConfigurationList = 63B004FEFEEF0EC0E991BE3D /* Build configuration list for PBXNativeTarget "TomaTests" */;
			buildPhases = (
				157F3EA33E17AF3A8D47899E /* Sources */,
				8576032B39839E225C34B36B /* Frameworks */,
				90BD24BE8BE78CCF208ADB1D /* Resources */,
			);
			buildRules = (
			);
			dependencies = (
				6DB8C6464E4A4C3F585F4EC6 /* PBXTargetDependency */,
			);
			name = TomaTests;
			productName = TomaTests;
			productReference = 9EBF5F724D5863109BB597AB /* TomaTests.xctest */;
			productType = "com.apple.product-type.bundle.unit-test";
		};
/* End PBXNativeTarget section */

/* Begin PBXProject section */
		4B1111D97BB878A2332054A7 /* Project object */ = {
			isa = PBXProject;
			attributes = {
				LastSwiftUpdateCheck = 1500;
				LastUpgradeCheck = 1500;
			};
			buildConfigurationList = 5D323F44A367F93BE609A041 /* Build configuration list for PBXProject "Toma" */;
			compatibilityVersion = "Xcode 3.2";
			developmentRegion = en;
			hasScannedForEncodings = 0;
			knownRegions = (
				en,
				Base,
			);
			mainGroup = CECEF4CF7F48938FB83E55EA;
			productRefGroup = C715CFA10F9AB4317F1F375B /* Products */;
			projectDirPath = "";
			projectRoot = "";
			targets = (
				959873B23E0E8667FD7999D5 /* Toma */,
				BBE7994CD856E1F7070EB628 /* TomaTests */,
				3F58B7D14FAE368859C4E5E5 /* TomaUITests */,
			);
		};
/* End PBXProject section */

/* Begin PBXResourcesBuildPhase section */
		10BE5AB8B5EDA5724DED6538 /* Resources */ = {
			isa = PBXResourcesBuildPhase;
			buildActionMask = 2147483647;
			files = (
			);
			runOnlyForDeploymentPostprocessing = 0;
		};
		779407A012468B94CD8DFB37 /* Resources */ = {
			isa = PBXResourcesBuildPhase;
			buildActionMask = 2147483647;
			files = (
			);
			runOnlyForDeploymentPostprocessing = 0;
		};
		90BD24BE8BE78CCF208ADB1D /* Resources */ = {
			isa = PBXResourcesBuildPhase;
			buildActionMask = 2147483647;
			files = (
			);
			runOnlyForDeploymentPostprocessing = 0;
		};
/* End PBXResourcesBuildPhase section */

/* Begin PBXShellScriptBuildPhase section */
		DD4A2EF8E133BDBA826327F3 /* Copy private pet sprite for local Debug builds */ = {
			isa = PBXShellScriptBuildPhase;
			alwaysOutOfDate = 1;
			buildActionMask = 2147483647;
			files = (
			);
			inputFileListPaths = (
			);
			inputPaths = (
			);
			name = "Copy private pet sprite for local Debug builds";
			outputFileListPaths = (
			);
			outputPaths = (
			);
			runOnlyForDeploymentPostprocessing = 0;
			shellPath = /bin/sh;
			shellScript = "set -eu\n\nsource_path=\"${SRCROOT}/Toma/Resources/pet-sprites.png\"\nbundle_path=\"${TARGET_BUILD_DIR}/${UNLOCALIZED_RESOURCES_FOLDER_PATH}/pet-sprites.png\"\n\nif [ \"${CONFIGURATION}\" = \"Debug\" ] && [ -f \"$source_path\" ]; then\n  /bin/mkdir -p \"$(/usr/bin/dirname \"$bundle_path\")\"\n  /bin/cp -f \"$source_path\" \"$bundle_path\"\nelse\n  /bin/rm -f \"$bundle_path\"\nfi\n";
		};
/* End PBXShellScriptBuildPhase section */

/* Begin PBXSourcesBuildPhase section */
		157F3EA33E17AF3A8D47899E /* Sources */ = {
			isa = PBXSourcesBuildPhase;
			buildActionMask = 2147483647;
			files = (
				BE4CA32B9CE5C232FA03AC0E /* TomaTests.swift in Sources */,
			);
			runOnlyForDeploymentPostprocessing = 0;
		};
		5F2E12F8185136E81154B065 /* Sources */ = {
			isa = PBXSourcesBuildPhase;
			buildActionMask = 2147483647;
			files = (
				E1EEF87B8C0CF7E3BD50713A /* TomaTrustLoopUITests.swift in Sources */,
			);
			runOnlyForDeploymentPostprocessing = 0;
		};
		D4982F53E99B7815E8D5F42E /* Sources */ = {
			isa = PBXSourcesBuildPhase;
			buildActionMask = 2147483647;
			files = (
				05B6F22906339392E55F6ABD /* TomaApp.swift in Sources */,
				601FDD4A03758EB82704574B /* TomaIntents.swift in Sources */,
				B33454D54AE15195A255FEA6 /* AppStore.swift in Sources */,
				09C1F774AFA0994C9B52DC94 /* Models.swift in Sources */,
				8BB0C0E56F0012CFEF51C632 /* AgentGateway.swift in Sources */,
				38487D37C787FE748E6B9A64 /* ReminderScheduler.swift in Sources */,
				5E3CBF4F6BE0D85DE0F47B3C /* SnapshotStore.swift in Sources */,
				CD2835AED68D9AA580BBF72E /* SpeechInput.swift in Sources */,
				F597164FFB913B4E6CB8E5B9 /* ContentView.swift in Sources */,
				BF8081EB33F9D09C7E1AAE22 /* PetSpriteView.swift in Sources */,
			);
			runOnlyForDeploymentPostprocessing = 0;
		};
/* End PBXSourcesBuildPhase section */

/* Begin PBXTargetDependency section */
		2E0D83544A1E342A5803A85D /* PBXTargetDependency */ = {
			isa = PBXTargetDependency;
			name = Toma;
			target = 959873B23E0E8667FD7999D5 /* Toma */;
			targetProxy = E0D48B8BD92CFA2E0FD161B8 /* PBXContainerItemProxy */;
		};
		6DB8C6464E4A4C3F585F4EC6 /* PBXTargetDependency */ = {
			isa = PBXTargetDependency;
			name = Toma;
			target = 959873B23E0E8667FD7999D5 /* Toma */;
			targetProxy = 1DD2541427C397FD41235D5F /* PBXContainerItemProxy */;
		};
/* End PBXTargetDependency section */

/* Begin XCBuildConfiguration section */
		7567D9E21526DF2983B4208C /* Release */ = {
			isa = XCBuildConfiguration;
			buildSettings = {
				BUNDLE_LOADER = "$(TEST_HOST)";
				CLANG_ENABLE_OBJC_WEAK = NO;
				GENERATE_INFOPLIST_FILE = YES;
				IPHONEOS_DEPLOYMENT_TARGET = 17.0;
				PRODUCT_BUNDLE_IDENTIFIER = io.jeezlabs.toma.tests;
				PRODUCT_NAME = "$(TARGET_NAME)";
				SDKROOT = iphoneos;
				SWIFT_VERSION = 5.0;
				TARGETED_DEVICE_FAMILY = 1;
				TEST_HOST = "$(BUILT_PRODUCTS_DIR)/Toma.app/$(BUNDLE_EXECUTABLE_FOLDER_PATH)/Toma";
				VALIDATE_PRODUCT = YES;
			};
			name = Release;
		};
		80B471F55898B5DBB65B3994 /* Debug */ = {
			isa = XCBuildConfiguration;
			buildSettings = {
				CLANG_ENABLE_OBJC_WEAK = NO;
				GENERATE_INFOPLIST_FILE = YES;
				IPHONEOS_DEPLOYMENT_TARGET = 17.0;
				PRODUCT_BUNDLE_IDENTIFIER = io.jeezlabs.toma.uitests;
				PRODUCT_NAME = "$(TARGET_NAME)";
				SDKROOT = iphoneos;
				SWIFT_VERSION = 5.0;
				TARGETED_DEVICE_FAMILY = 1;
				TEST_TARGET_NAME = Toma;
			};
			name = Debug;
		};
		91CEFC56DA7326546C3583B8 /* Debug */ = {
			isa = XCBuildConfiguration;
			buildSettings = {
				ALWAYS_SEARCH_USER_PATHS = NO;
				CLANG_ANALYZER_NONNULL = YES;
				CLANG_ANALYZER_NUMBER_OBJECT_CONVERSION = YES_AGGRESSIVE;
				CLANG_CXX_LANGUAGE_STANDARD = "gnu++14";
				CLANG_CXX_LIBRARY = "libc++";
				CLANG_ENABLE_MODULES = YES;
				CLANG_ENABLE_OBJC_ARC = YES;
				CLANG_ENABLE_OBJC_WEAK = YES;
				CLANG_WARN_BLOCK_CAPTURE_AUTORELEASING = YES;
				CLANG_WARN_BOOL_CONVERSION = YES;
				CLANG_WARN_COMMA = YES;
				CLANG_WARN_CONSTANT_CONVERSION = YES;
				CLANG_WARN_DEPRECATED_OBJC_IMPLEMENTATIONS = YES;
				CLANG_WARN_DIRECT_OBJC_ISA_USAGE = YES_ERROR;
				CLANG_WARN_DOCUMENTATION_COMMENTS = YES;
				CLANG_WARN_EMPTY_BODY = YES;
				CLANG_WARN_ENUM_CONVERSION = YES;
				CLANG_WARN_INFINITE_RECURSION = YES;
				CLANG_WARN_INT_CONVERSION = YES;
				CLANG_WARN_NON_LITERAL_NULL_CONVERSION = YES;
				CLANG_WARN_OBJC_IMPLICIT_RETAIN_SELF = YES;
				CLANG_WARN_OBJC_LITERAL_CONVERSION = YES;
				CLANG_WARN_OBJC_ROOT_CLASS = YES_ERROR;
				CLANG_WARN_QUOTED_INCLUDE_IN_FRAMEWORK_HEADER = YES;
				CLANG_WARN_RANGE_LOOP_ANALYSIS = YES;
				CLANG_WARN_STRICT_PROTOTYPES = YES;
				CLANG_WARN_SUSPICIOUS_MOVE = YES;
				CLANG_WARN_UNGUARDED_AVAILABILITY = YES_AGGRESSIVE;
				CLANG_WARN_UNREACHABLE_CODE = YES;
				CLANG_WARN__DUPLICATE_METHOD_MATCH = YES;
				COPY_PHASE_STRIP = NO;
				DEBUG_INFORMATION_FORMAT = dwarf;
				ENABLE_STRICT_OBJC_MSGSEND = YES;
				ENABLE_TESTABILITY = YES;
				GCC_C_LANGUAGE_STANDARD = gnu11;
				GCC_DYNAMIC_NO_PIC = NO;
				GCC_NO_COMMON_BLOCKS = YES;
				GCC_OPTIMIZATION_LEVEL = 0;
				GCC_PREPROCESSOR_DEFINITIONS = (
					"DEBUG=1",
					"$(inherited)",
				);
				GCC_WARN_64_TO_32_BIT_CONVERSION = YES;
				GCC_WARN_ABOUT_RETURN_TYPE = YES_ERROR;
				GCC_WARN_UNDECLARED_SELECTOR = YES;
				GCC_WARN_UNINITIALIZED_AUTOS = YES_AGGRESSIVE;
				GCC_WARN_UNUSED_FUNCTION = YES;
				GCC_WARN_UNUSED_VARIABLE = YES;
				MTL_ENABLE_DEBUG_INFO = INCLUDE_SOURCE;
				MTL_FAST_MATH = YES;
				ONLY_ACTIVE_ARCH = YES;
				PRODUCT_NAME = "$(TARGET_NAME)";
				SWIFT_ACTIVE_COMPILATION_CONDITIONS = DEBUG;
				SWIFT_OPTIMIZATION_LEVEL = "-Onone";
				SWIFT_VERSION = 5.0;
			};
			name = Debug;
		};
		9D77C28F313C2647E12A6695 /* Release */ = {
			isa = XCBuildConfiguration;
			buildSettings = {
				ASSETCATALOG_COMPILER_APPICON_NAME = AppIcon;
				ASSETCATALOG_COMPILER_GLOBAL_ACCENT_COLOR_NAME = AccentColor;
				CLANG_ENABLE_OBJC_WEAK = NO;
				CURRENT_PROJECT_VERSION = 1;
				ENABLE_PREVIEWS = YES;
				GENERATE_INFOPLIST_FILE = NO;
				INFOPLIST_FILE = Toma/Info.plist;
				IPHONEOS_DEPLOYMENT_TARGET = 17.0;
				LD_RUNPATH_SEARCH_PATHS = "$(inherited) @executable_path/Frameworks";
				MARKETING_VERSION = 0.1.0;
				PRODUCT_BUNDLE_IDENTIFIER = io.jeezlabs.toma;
				PRODUCT_NAME = "$(TARGET_NAME)";
				SDKROOT = iphoneos;
				SWIFT_VERSION = 5.0;
				TARGETED_DEVICE_FAMILY = 1;
				VALIDATE_PRODUCT = YES;
			};
			name = Release;
		};
		B1705D2C7198BD1280E916D8 /* Debug */ = {
			isa = XCBuildConfiguration;
			buildSettings = {
				BUNDLE_LOADER = "$(TEST_HOST)";
				CLANG_ENABLE_OBJC_WEAK = NO;
				GENERATE_INFOPLIST_FILE = YES;
				IPHONEOS_DEPLOYMENT_TARGET = 17.0;
				PRODUCT_BUNDLE_IDENTIFIER = io.jeezlabs.toma.tests;
				PRODUCT_NAME = "$(TARGET_NAME)";
				SDKROOT = iphoneos;
				SWIFT_VERSION = 5.0;
				TARGETED_DEVICE_FAMILY = 1;
				TEST_HOST = "$(BUILT_PRODUCTS_DIR)/Toma.app/$(BUNDLE_EXECUTABLE_FOLDER_PATH)/Toma";
			};
			name = Debug;
		};
		BA90A424F34654DEC88BDC45 /* Release */ = {
			isa = XCBuildConfiguration;
			buildSettings = {
				CLANG_ENABLE_OBJC_WEAK = NO;
				GENERATE_INFOPLIST_FILE = YES;
				IPHONEOS_DEPLOYMENT_TARGET = 17.0;
				PRODUCT_BUNDLE_IDENTIFIER = io.jeezlabs.toma.uitests;
				PRODUCT_NAME = "$(TARGET_NAME)";
				SDKROOT = iphoneos;
				SWIFT_VERSION = 5.0;
				TARGETED_DEVICE_FAMILY = 1;
				TEST_TARGET_NAME = Toma;
				VALIDATE_PRODUCT = YES;
			};
			name = Release;
		};
		C71268316C9E6F9FE39763AF /* Release */ = {
			isa = XCBuildConfiguration;
			buildSettings = {
				ALWAYS_SEARCH_USER_PATHS = NO;
				CLANG_ANALYZER_NONNULL = YES;
				CLANG_ANALYZER_NUMBER_OBJECT_CONVERSION = YES_AGGRESSIVE;
				CLANG_CXX_LANGUAGE_STANDARD = "gnu++14";
				CLANG_CXX_LIBRARY = "libc++";
				CLANG_ENABLE_MODULES = YES;
				CLANG_ENABLE_OBJC_ARC = YES;
				CLANG_ENABLE_OBJC_WEAK = YES;
				CLANG_WARN_BLOCK_CAPTURE_AUTORELEASING = YES;
				CLANG_WARN_BOOL_CONVERSION = YES;
				CLANG_WARN_COMMA = YES;
				CLANG_WARN_CONSTANT_CONVERSION = YES;
				CLANG_WARN_DEPRECATED_OBJC_IMPLEMENTATIONS = YES;
				CLANG_WARN_DIRECT_OBJC_ISA_USAGE = YES_ERROR;
				CLANG_WARN_DOCUMENTATION_COMMENTS = YES;
				CLANG_WARN_EMPTY_BODY = YES;
				CLANG_WARN_ENUM_CONVERSION = YES;
				CLANG_WARN_INFINITE_RECURSION = YES;
				CLANG_WARN_INT_CONVERSION = YES;
				CLANG_WARN_NON_LITERAL_NULL_CONVERSION = YES;
				CLANG_WARN_OBJC_IMPLICIT_RETAIN_SELF = YES;
				CLANG_WARN_OBJC_LITERAL_CONVERSION = YES;
				CLANG_WARN_OBJC_ROOT_CLASS = YES_ERROR;
				CLANG_WARN_QUOTED_INCLUDE_IN_FRAMEWORK_HEADER = YES;
				CLANG_WARN_RANGE_LOOP_ANALYSIS = YES;
				CLANG_WARN_STRICT_PROTOTYPES = YES;
				CLANG_WARN_SUSPICIOUS_MOVE = YES;
				CLANG_WARN_UNGUARDED_AVAILABILITY = YES_AGGRESSIVE;
				CLANG_WARN_UNREACHABLE_CODE = YES;
				CLANG_WARN__DUPLICATE_METHOD_MATCH = YES;
				COPY_PHASE_STRIP = NO;
				DEBUG_INFORMATION_FORMAT = "dwarf-with-dsym";
				ENABLE_NS_ASSERTIONS = NO;
				ENABLE_STRICT_OBJC_MSGSEND = YES;
				GCC_C_LANGUAGE_STANDARD = gnu11;
				GCC_NO_COMMON_BLOCKS = YES;
				GCC_WARN_64_TO_32_BIT_CONVERSION = YES;
				GCC_WARN_ABOUT_RETURN_TYPE = YES_ERROR;
				GCC_WARN_UNDECLARED_SELECTOR = YES;
				GCC_WARN_UNINITIALIZED_AUTOS = YES_AGGRESSIVE;
				GCC_WARN_UNUSED_FUNCTION = YES;
				GCC_WARN_UNUSED_VARIABLE = YES;
				MTL_ENABLE_DEBUG_INFO = NO;
				MTL_FAST_MATH = YES;
				PRODUCT_NAME = "$(TARGET_NAME)";
				SWIFT_COMPILATION_MODE = wholemodule;
				SWIFT_OPTIMIZATION_LEVEL = "-O";
				SWIFT_VERSION = 5.0;
			};
			name = Release;
		};
		C76F8084BD0F377CD615E9A7 /* Debug */ = {
			isa = XCBuildConfiguration;
			buildSettings = {
				ASSETCATALOG_COMPILER_APPICON_NAME = AppIcon;
				ASSETCATALOG_COMPILER_GLOBAL_ACCENT_COLOR_NAME = AccentColor;
				CLANG_ENABLE_OBJC_WEAK = NO;
				CURRENT_PROJECT_VERSION = 1;
				ENABLE_PREVIEWS = YES;
				GENERATE_INFOPLIST_FILE = NO;
				INFOPLIST_FILE = Toma/Info.plist;
				IPHONEOS_DEPLOYMENT_TARGET = 17.0;
				LD_RUNPATH_SEARCH_PATHS = "$(inherited) @executable_path/Frameworks";
				MARKETING_VERSION = 0.1.0;
				PRODUCT_BUNDLE_IDENTIFIER = io.jeezlabs.toma;
				PRODUCT_NAME = "$(TARGET_NAME)";
				SDKROOT = iphoneos;
				SWIFT_VERSION = 5.0;
				TARGETED_DEVICE_FAMILY = 1;
			};
			name = Debug;
		};
/* End XCBuildConfiguration section */

/* Begin XCConfigurationList section */
		54C27C7C0C3BF967083265F1 /* Build configuration list for PBXNativeTarget "TomaUITests" */ = {
			isa = XCConfigurationList;
			buildConfigurations = (
				BA90A424F34654DEC88BDC45 /* Release */,
				80B471F55898B5DBB65B3994 /* Debug */,
			);
			defaultConfigurationIsVisible = 0;
			defaultConfigurationName = Release;
		};
		5D323F44A367F93BE609A041 /* Build configuration list for PBXProject "Toma" */ = {
			isa = XCConfigurationList;
			buildConfigurations = (
				91CEFC56DA7326546C3583B8 /* Debug */,
				C71268316C9E6F9FE39763AF /* Release */,
			);
			defaultConfigurationIsVisible = 0;
			defaultConfigurationName = Release;
		};
		63B004FEFEEF0EC0E991BE3D /* Build configuration list for PBXNativeTarget "TomaTests" */ = {
			isa = XCConfigurationList;
			buildConfigurations = (
				7567D9E21526DF2983B4208C /* Release */,
				B1705D2C7198BD1280E916D8 /* Debug */,
			);
			defaultConfigurationIsVisible = 0;
			defaultConfigurationName = Release;
		};
		E6496AF7B43970FB69A50157 /* Build configuration list for PBXNativeTarget "Toma" */ = {
			isa = XCConfigurationList;
			buildConfigurations = (
				9D77C28F313C2647E12A6695 /* Release */,
				C76F8084BD0F377CD615E9A7 /* Debug */,
			);
			defaultConfigurationIsVisible = 0;
			defaultConfigurationName = Release;
		};
/* End XCConfigurationList section */
	};
	rootObject = 4B1111D97BB878A2332054A7 /* Project object */;
}
